// !$*UTF8*$!
{
	archiveVersion = 1;
	classes = {
	};
	objectVersion = 55;
	objects = {

/* Begin PBXBuildFile section */
		BDA3EE8928A3FD6F001AAB94 /* AppDelegate.swift in Sources */ = {isa = PBXBuildFile; fileRef = BDA3EE8828A3FD6F001AAB94 /* AppDelegate.swift */; };
		BDA3EE8B28A3FD6F001AAB94 /* SceneDelegate.swift in Sources */ = {isa = PBXBuildFile; fileRef = BDA3EE8A28A3FD6F001AAB94 /* SceneDelegate.swift */; };
		BDA3EE8D28A3FD6F001AAB94 /* ViewController.swift in Sources */ = {isa = PBXBuildFile; fileRef = BDA3EE8C28A3FD6F001AAB94 /* ViewController.swift */; };
		BDA3EE9028A3FD6F001AAB94 /* Main.storyboard in Resources */ = {isa = PBXBuildFile; fileRef = BDA3EE8E28A3FD6F001AAB94 /* Main.storyboard */; };
		BDA3EE9328A3FD6F001AAB94 /* Actions_and_Outlets.xcdatamodeld in Sources */ = {isa = PBXBuildFile; fileRef = BDA3EE9128A3FD6F001AAB94 /* Actions_and_Outlets.xcdatamodeld */; };
		BDA3EE9528A3FD6F001AAB94 /* Assets.xcassets in Resources */ = {isa = PBXBuildFile; fileRef = BDA3EE9428A3FD6F001AAB94 /* Assets.xcassets */; };
		BDA3EE9828A3FD6F001AAB94 /* LaunchScreen.storyboard in Resources */ = {isa = PBXBuildFile; fileRef = BDA3EE9628A3FD6F001AAB94 /* LaunchScreen.storyboard */; };
/* End PBXBuildFile section */

/* Begin PBXFileReference section */
		BDA3EE8528A3FD6F001AAB94 /* Actions-and-Outlets.app */ = {isa = PBXFileReference; explicitFileType = wrapper.application; includeInIndex = 0; path = "Actions-and-Outlets.app"; sourceTree = BUILT_PRODUCTS_DIR; };
		BDA3EE8828A3FD6F001AAB94 /* AppDelegate.swift */ = {isa = PBXFileReference; lastKnownFileType = sourcecode.swift; path = AppDelegate.swift; sourceTree = "<group>"; };
		BDA3EE8A28A3FD6F001AAB94 /* SceneDelegate.swift */ = {isa = PBXFileReference; lastKnownFileType = sourcecode.swift; path = SceneDelegate.swift; sourceTree = "<group>"; };
		BDA3EE8C28A3FD6F001AAB94 /* ViewController.swift */ = {isa = PBXFileReference; lastKnownFileType = sourcecode.swift; path = ViewController.swift; sourceTree = "<group>"; };
		BDA3EE8F28A3FD6F001AAB94 /* Base */ = {isa = PBXFileReference; lastKnownFileType = file.storyboard; name = Base; path = Base.lproj/Main.storyboard; sourceTree = "<group>"; };
		BDA3EE9228A3FD6F001AAB94 /* Actions_and_Outlets.xcdatamodel */ = {isa = PBXFileReference; lastKnownFileType = wrapper.xcdatamodel; path = Actions_and_Outlets.xcdatamodel; sourceTree = "<group>"; };
		BDA3EE9428A3FD6F001AAB94 /* Assets.xcassets */ = {isa = PBXFileReference; lastKnownFileType = folder.assetcatalog; path = Assets.xcassets; sourceTree = "<group>"; };
		BDA3EE9728A3FD6F001AAB94 /* Base */ = {isa = PBXFileReference; lastKnownFileType = file.storyboard; name = Base; path = Base.lproj/LaunchScreen.storyboard; sourceTree = "<group>"; };
		BDA3EE9928A3FD6F001AAB94 /* Info.plist */ = {isa = PBXFileReference; lastKnownFileType = text.plist.xml; path = Info.plist; sourceTree = "<group>"; };
/* End PBXFileReference section */

/* Begin PBXFrameworksBuildPhase section */
		BDA3EE8228A3FD6F001AAB94 /* Frameworks */ = {
			isa = PBXFrameworksBuildPhase;
			buildActionMask = 2147483647;
			files = (
			);
			runOnlyForDeploymentPostprocessing = 0;
		};
/* End PBXFrameworksBuildPhase section */

/* Begin PBXGroup section */
		BDA3EE7C28A3FD6F001AAB94 = {
			isa = PBXGroup;
			children = (
				BDA3EE8728A3FD6F001AAB94 /* Actions-and-Outlets */,
				BDA3EE8628A3FD6F001AAB94 /* Products */,
			);
			sourceTree = "<group>";
		};
		BDA3EE8628A3FD6F001AAB94 /* Products */ = {
			isa = PBXGroup;
			children = (
				BDA3EE8528A3FD6F001AAB94 /* Actions-and-Outlets.app */,
			);
			name = Products;
			sourceTree = "<group>";
		};
		BDA3EE8728A3FD6F001AAB94 /* Actions-and-Outlets */ = {
			isa = PBXGroup;
			children = (
				BDA3EE8828A3FD6F001AAB94 /* AppDelegate.swift */,
				BDA3EE8A28A3FD6F001AAB94 /* SceneDelegate.swift */,
				BDA3EE8C28A3FD6F001AAB94 /* ViewController.swift */,
				BDA3EE8E28A3FD6F001AAB94 /* Main.storyboard */,
				BDA3EE9428A3FD6F001AAB94 /* Assets.xcassets */,
				BDA3EE9628A3FD6F001AAB94 /* LaunchScreen.storyboard */,
				BDA3EE9928A3FD6F001AAB94 /* Info.plist */,
				BDA3EE9128A3FD6F001AAB94 /* Actions_and_Outlets.xcdatamodeld */,
			);
			path = "Actions-and-Outlets";
			sourceTree = "<group>";
		};
/* End PBXGroup section */

/* Begin PBXNativeTarget section */
		BDA3EE8428A3FD6F001AAB94 /* Actions-and-Outlets */ = {
			isa = PBXNativeTarget;
			buildConfigurationList = BDA3EE9C28A3FD6F001AAB94 /* Build configuration list for PBXNativeTarget "Actions-and-Outlets" */;
			buildPhases = (
				BDA3EE8128A3FD6F001AAB94 /* Sources */,
				BDA3EE8228A3FD6F001AAB94 /* Frameworks */,
				BDA3EE8328A3FD6F001AAB94 /* Resources */,
			);
			buildRules = (
			);
			dependencies = (
			);
			name = "Actions-and-Outlets";
			productName = "Actions-and-Outlets";
			productReference = BDA3EE8528A3FD6F001AAB94 /* Actions-and-Outlets.app */;
			productType = "com.apple.product-type.application";
		};
/* End PBXNativeTarget section */

/* Begin PBXProject section */
		BDA3EE7D28A3FD6F001AAB94 /* Project object */ = {
			isa = PBXProject;
			attributes = {
				BuildIndependentTargetsInParallel = 1;
				LastSwiftUpdateCheck = 1340;
				LastUpgradeCheck = 1340;
				TargetAttributes = {
					BDA3EE8428A3FD6F001AAB94 = {
						CreatedOnToolsVersion = 13.4.1;
					};
				};
			};
			buildConfigurationList = BDA3EE8028A3FD6F001AAB94 /* Build configuration list for PBXProject "Actions-and-Outlets" */;
			compatibilityVersion = "Xcode 13.0";
			developmentRegion = en;
			hasScannedForEncodings = 0;
			knownRegions = (
				en,
				Base,
			);
			mainGroup = BDA3EE7C28A3FD6F001AAB94;
			productRefGroup = BDA3EE8628A3FD6F001AAB94 /* Products */;
			projectDirPath = "";
			projectRoot = "";
			targets = (
				BDA3EE8428A3FD6F001AAB94 /* Actions-and-Outlets */,
			);
		};
/* End PBXProject section */

/* Begin PBXResourcesBuildPhase section */
		BDA3EE8328A3FD6F001AAB94 /* Resources */ = {
			isa = PBXResourcesBuildPhase;
			buildActionMask = 2147483647;
			files = (
				BDA3EE9828A3FD6F001AAB94 /* LaunchScreen.storyboard in Resources */,
				BDA3EE9528A3FD6F001AAB94 /* Assets.xcassets in Resources */,
				BDA3EE9028A3FD6F001AAB94 /* Main.storyboard in Resources */,
			);
			runOnlyForDeploymentPostprocessing = 0;
		};
/* End PBXResourcesBuildPhase section */

/* Begin PBXSourcesBuildPhase section */
		BDA3EE8128A3FD6F001AAB94 /* Sources */ = {
			isa = PBXSourcesBuildPhase;
			buildActionMask = 2147483647;
			files = (
				BDA3EE9328A3FD6F001AAB94 /* Actions_and_Outlets.xcdatamodeld in Sources */,
				BDA3EE8D28A3FD6F001AAB94 /* ViewController.swift in Sources */,
				BDA3EE8928A3FD6F001AAB94 /* AppDelegate.swift in Sources */,
				BDA3EE8B28A3FD6F001AAB94 /* SceneDelegate.swift in Sources */,
			);
			runOnlyForDeploymentPostprocessing = 0;
		};
/* End PBXSourcesBuildPhase section */

/* Begin PBXVariantGroup section */
		BDA3EE8E28A3FD6F001AAB94 /* Main.storyboard */ = {
			isa = PBXVariantGroup;
			children = (
				BDA3EE8F28A3FD6F001AAB94 /* Base */,
			);
			name = Main.storyboard;
			sourceTree = "<group>";
		};
		BDA3EE9628A3FD6F001AAB94 /* LaunchScreen.storyboard */ = {
			isa = PBXVariantGroup;
			children = (
				BDA3EE9728A3FD6F001AAB94 /* Base */,
			);
			name = LaunchScreen.storyboard;
			sourceTree = "<group>";
		};
/* End PBXVariantGroup section */

/* Begin XCBuildConfiguration section */
		BDA3EE9A28A3FD6F001AAB94 /* Debug */ = {
			isa = XCBuildConfiguration;
			buildSettings = {
				ALWAYS_SEARCH_USER_PATHS = NO;
				CLANG_ANALYZER_NONNULL = YES;
				CLANG_ANALYZER_NUMBER_OBJECT_CONVERSION = YES_AGGRESSIVE;
				CLANG_CXX_LANGUAGE_STANDARD = "gnu++17";
				CLANG_ENABLE_MODULES = YES;
				CLANG_ENABLE_OBJC_ARC = YES;
				CLANG_ENABLE_OBJC_WEAK = YES;
				CLANG_WARN_BLOCK_CAPTURE_AUTORELEASING = YES;
				CLANG_WARN_BOOL_CONVERSION = YES;
				CLANG_WARN_COMMA = YES;
				CLANG_WARN_CONSTANT_CONVERSION = YES;
				CLANG_WARN_DEPRECATED_OBJC_IMPLEMENTATIONS = YES;
				CLANG_WARN_DIRECT_OBJC_ISA_USAGE = YES_ERROR;
				CLANG_WARN_DOCUMENTATION_COMMENTS = YES;
				CLANG_WARN_EMPTY_BODY = YES;
				CLANG_WARN_ENUM_CONVERSION = YES;
				CLANG_WARN_INFINITE_RECURSION = YES;
				CLANG_WARN_INT_CONVERSION = YES;
				CLANG_WARN_NON_LITERAL_NULL_CONVERSION = YES;
				CLANG_WARN_OBJC_IMPLICIT_RETAIN_SELF = YES;
				CLANG_WARN_OBJC_LITERAL_CONVERSION = YES;
				CLANG_WARN_OBJC_ROOT_CLASS = YES_ERROR;
				CLANG_WARN_QUOTED_INCLUDE_IN_FRAMEWORK_HEADER = YES;
				CLANG_WARN_RANGE_LOOP_ANALYSIS = YES;
				CLANG_WARN_STRICT_PROTOTYPES = YES;
				CLANG_WARN_SUSPICIOUS_MOVE = YES;
				CLANG_WARN_UNGUARDED_AVAILABILITY = YES_AGGRESSIVE;
				CLANG_WARN_UNREACHABLE_CODE = YES;
				CLANG_WARN__DUPLICATE_METHOD_MATCH = YES;
				COPY_PHASE_STRIP = NO;
				DEBUG_INFORMATION_FORMAT = dwarf;
				ENABLE_STRICT_OBJC_MSGSEND = YES;
				ENABLE_TESTABILITY = YES;
				GCC_C_LANGUAGE_STANDARD = gnu11;
				GCC_DYNAMIC_NO_PIC = NO;
				GCC_NO_COMMON_BLOCKS = YES;
				GCC_OPTIMIZATION_LEVEL = 0;
				GCC_PREPROCESSOR_DEFINITIONS = (
					"DEBUG=1",
					"$(inherited)",
				);
				GCC_WARN_64_TO_32_BIT_CONVERSION = YES;
				GCC_WARN_ABOUT_RETURN_TYPE = YES_ERROR;
				GCC_WARN_UNDECLARED_SELECTOR = YES;
				GCC_WARN_UNINITIALIZED_AUTOS = YES_AGGRESSIVE;
				GCC_WARN_UNUSED_FUNCTION = YES;
				GCC_WARN_UNUSED_VARIABLE = YES;
				IPHONEOS_DEPLOYMENT_TARGET = 15.5;
				MTL_ENABLE_DEBUG_INFO = INCLUDE_SOURCE;
				MTL_FAST_MATH = YES;
				ONLY_ACTIVE_ARCH = YES;
				SDKROOT = iphoneos;
				SWIFT_ACTIVE_COMPILATION_CONDITIONS = DEBUG;
				SWIFT_OPTIMIZATION_LEVEL = "-Onone";
			};
			name = Debug;
		};
		BDA3EE9B28A3FD6F001AAB94 /* Release */ = {
			isa = XCBuildConfiguration;
			buildSettings = {
				ALWAYS_SEARCH_USER_PATHS = NO;
				CLANG_ANALYZER_NONNULL = YES;
				CLANG_ANALYZER_NUMBER_OBJECT_CONVERSION = YES_AGGRESSIVE;
				CLANG_CXX_LANGUAGE_STANDARD = "gnu++17";
				CLANG_ENABLE_MODULES = YES;
				CLANG_ENABLE_OBJC_ARC = YES;
				CLANG_ENABLE_OBJC_WEAK = YES;
				CLANG_WARN_BLOCK_CAPTURE_AUTORELEASING = YES;
				CLANG_WARN_BOOL_CONVERSION = YES;
				CLANG_WARN_COMMA = YES;
				CLANG_WARN_CONSTANT_CONVERSION = YES;
				CLANG_WARN_DEPRECATED_OBJC_IMPLEMENTATIONS = YES;
				CLANG_WARN_DIRECT_OBJC_ISA_USAGE = YES_ERROR;
				CLANG_WARN_DOCUMENTATION_COMMENTS = YES;
				CLANG_WARN_EMPTY_BODY = YES;
				CLANG_WARN_ENUM_CONVERSION = YES;
				CLANG_WARN_INFINITE_RECURSION = YES;
				CLANG_WARN_INT_CONVERSION = YES;
				CLANG_WARN_NON_LITERAL_NULL_CONVERSION = YES;
				CLANG_WARN_OBJC_IMPLICIT_RETAIN_SELF = YES;
				CLANG_WARN_OBJC_LITERAL_CONVERSION = YES;
				CLANG_WARN_OBJC_ROOT_CLASS = YES_ERROR;
				CLANG_WARN_QUOTED_INCLUDE_IN_FRAMEWORK_HEADER = YES;
				CLANG_WARN_RANGE_LOOP_ANALYSIS = YES;
				CLANG_WARN_STRICT_PROTOTYPES = YES;
				CLANG_WARN_SUSPICIOUS_MOVE = YES;
				CLANG_WARN_UNGUARDED_AVAILABILITY = YES_AGGRESSIVE;
				CLANG_WARN_UNREACHABLE_CODE = YES;
				CLANG_WARN__DUPLICATE_METHOD_MATCH = YES;
				COPY_PHASE_STRIP = NO;
				DEBUG_INFORMATION_FORMAT = "dwarf-with-dsym";
				ENABLE_NS_ASSERTIONS = NO;
				ENABLE_STRICT_OBJC_MSGSEND = YES;
				GCC_C_LANGUAGE_STANDARD = gnu11;
				GCC_NO_COMMON_BLOCKS = YES;
				GCC_WARN_64_TO_32_BIT_CONVERSION = YES;
				GCC_WARN_ABOUT_RETURN_TYPE = YES_ERROR;
				GCC_WARN_UNDECLARED_SELECTOR = YES;
				GCC_WARN_UNINITIALIZED_AUTOS = YES_AGGRESSIVE;
				GCC_WARN_UNUSED_FUNCTION = YES;
				GCC_WARN_UNUSED_VARIABLE = YES;
				IPHONEOS_DEPLOYMENT_TARGET = 15.5;
				MTL_ENABLE_DEBUG_INFO = NO;
				MTL_FAST_MATH = YES;
				SDKROOT = iphoneos;
				SWIFT_COMPILATION_MODE = wholemodule;
				SWIFT_OPTIMIZATION_LEVEL = "-O";
				VALIDATE_PRODUCT = YES;
			};
			name = Release;
		};
		BDA3EE9D28A3FD6F001AAB94 /* Debug */ = {
			isa = XCBuildConfiguration;
			buildSettings = {
				ASSETCATALOG_COMPILER_APPICON_NAME = AppIcon;
				ASSETCATALOG_COMPILER_GLOBAL_ACCENT_COLOR_NAME = AccentColor;
				CODE_SIGN_STYLE = Automatic;
				CURRENT_PROJECT_VERSION = 1;
				GENERATE_INFOPLIST_FILE = YES;
				INFOPLIST_FILE = "Actions-and-Outlets/Info.plist";
				INFOPLIST_KEY_UIApplicationSupportsIndirectInputEvents = YES;
				INFOPLIST_KEY_UILaunchStoryboardName = LaunchScreen;
				INFOPLIST_KEY_UIMainStoryboardFile = Main;
				INFOPLIST_KEY_UISupportedInterfaceOrientations_iPad = "UIInterfaceOrientationPortrait UIInterfaceOrientationPortraitUpsideDown UIInterfaceOrientationLandscapeLeft UIInterfaceOrientationLandscapeRight";
				INFOPLIST_KEY_UISupportedInterfaceOrientations_iPhone = "UIInterfaceOrientationPortrait UIInterfaceOrientationLandscapeLeft UIInterfaceOrientationLandscapeRight";
				LD_RUNPATH_SEARCH_PATHS = (
					"$(inherited)",
					"@executable_path/Frameworks",
				);
				MARKETING_VERSION = 1.0;
				PRODUCT_BUNDLE_IDENTIFIER = "kwk.Actions-and-Outlets";
				PRODUCT_NAME = "$(TARGET_NAME)";
				SWIFT_EMIT_LOC_STRINGS = YES;
				SWIFT_VERSION = 5.0;
				TARGETED_DEVICE_FAMILY = "1,2";
			};
			name = Debug;
		};
		BDA3EE9E28A3FD6F001AAB94 /* Release */ = {
			isa = XCBuildConfiguration;
			buildSettings = {
				ASSETCATALOG_COMPILER_APPICON_NAME = AppIcon;
				ASSETCATALOG_COMPILER_GLOBAL_ACCENT_COLOR_NAME = AccentColor;
				CODE_SIGN_STYLE = Automatic;
				CURRENT_PROJECT_VERSION = 1;
				GENERATE_INFOPLIST_FILE = YES;
				INFOPLIST_FILE = "Actions-and-Outlets/Info.plist";
				INFOPLIST_KEY_UIApplicationSupportsIndirectInputEvents = YES;
				INFOPLIST_KEY_UILaunchStoryboardName = LaunchScreen;
				INFOPLIST_KEY_UIMainStoryboardFile = Main;
				INFOPLIST_KEY_UISupportedInterfaceOrientations_iPad = "UIInterfaceOrientationPortrait UIInterfaceOrientationPortraitUpsideDown UIInterfaceOrientationLandscapeLeft UIInterfaceOrientationLandscapeRight";
				INFOPLIST_KEY_UISupportedInterfaceOrientations_iPhone = "UIInterfaceOrientationPortrait UIInterfaceOrientationLandscapeLeft UIInterfaceOrientationLandscapeRight";
				LD_RUNPATH_SEARCH_PATHS = (
					"$(inherited)",
					"@executable_path/Frameworks",
				);
				MARKETING_VERSION = 1.0;
				PRODUCT_BUNDLE_IDENTIFIER = "kwk.Actions-and-Outlets";
				PRODUCT_NAME = "$(TARGET_NAME)";
				SWIFT_EMIT_LOC_STRINGS = YES;
				SWIFT_VERSION = 5.0;
				TARGETED_DEVICE_FAMILY = "1,2";
			};
			name = Release;
		};
/* End XCBuildConfiguration section */

/* Begin XCConfigurationList section */
		BDA3EE8028A3FD6F001AAB94 /* Build configuration list for PBXProject "Actions-and-Outlets" */ = {
			isa = XCConfigurationList;
			buildConfigurations = (
				BDA3EE9A28A3FD6F001AAB94 /* Debug */,
				BDA3EE9B28A3FD6F001AAB94 /* Release */,
			);
			defaultConfigurationIsVisible = 0;
			defaultConfigurationName = Release;
		};
		BDA3EE9C28A3FD6F001AAB94 /* Build configuration list for PBXNativeTarget "Actions-and-Outlets" */ = {
			isa = XCConfigurationList;
			buildConfigurations = (
				BDA3EE9D28A3FD6F001AAB94 /* Debug */,
				BDA3EE9E28A3FD6F001AAB94 /* Release */,
			);
			defaultConfigurationIsVisible = 0;
			defaultConfigurationName = Release;
		};
/* End XCConfigurationList section */

/* Begin XCVersionGroup section */
		BDA3EE9128A3FD6F001AAB94 /* Actions_and_Outlets.xcdatamodeld */ = {
			isa = XCVersionGroup;
			children = (
				BDA3EE9228A3FD6F001AAB94 /* Actions_and_Outlets.xcdatamodel */,
			);
			currentVersion = BDA3EE9228A3FD6F001AAB94 /* Actions_and_Outlets.xcdatamodel */;
			path = Actions_and_Outlets.xcdatamodeld;
			sourceTree = "<group>";
			versionGroupType = wrapper.xcdatamodel;
		};
/* End XCVersionGroup section */
	};
	rootObject = BDA3EE7D28A3FD6F001AAB94 /* Project object */;
}
